// !$*UTF8*$!
{
	archiveVersion = 1;
	classes = {
	};
	objectVersion = 46;
	objects = {

/* Begin PBXBuildFile section */
		D12C5C3F1F66F93E009596E0 /* main.m in Sources */ = {isa = PBXBuildFile; fileRef = D12C5C3E1F66F93E009596E0 /* main.m */; };
		D12C5C421F66F93E009596E0 /* AppDelegate.m in Sources */ = {isa = PBXBuildFile; fileRef = D12C5C411F66F93E009596E0 /* AppDelegate.m */; };
		D12C5C451F66F93E009596E0 /* ViewController.m in Sources */ = {isa = PBXBuildFile; fileRef = D12C5C441F66F93E009596E0 /* ViewController.m */; };
		D12C5C481F66F93E009596E0 /* Main.storyboard in Resources */ = {isa = PBXBuildFile; fileRef = D12C5C461F66F93E009596E0 /* Main.storyboard */; };
		D12C5C4A1F66F93E009596E0 /* Assets.xcassets in Resources */ = {isa = PBXBuildFile; fileRef = D12C5C491F66F93E009596E0 /* Assets.xcassets */; };
		D12C5C4D1F66F93E009596E0 /* LaunchScreen.storyboard in Resources */ = {isa = PBXBuildFile; fileRef = D12C5C4B1F66F93E009596E0 /* LaunchScreen.storyboard */; };
		D12C5C811F68BD21009596E0 /* ostracelib.framework in Frameworks */ = {isa = PBXBuildFile; fileRef = D12C5C7C1F66FA30009596E0 /* ostracelib.framework */; };
		D12C5C831F68BD4C009596E0 /* ostracelib.framework in CopyFiles */ = {isa = PBXBuildFile; fileRef = D12C5C7C1F66FA30009596E0 /* ostracelib.framework */; settings = {ATTRIBUTES = (CodeSignOnCopy, RemoveHeadersOnCopy, ); }; };
/* End PBXBuildFile section */

/* Begin PBXContainerItemProxy section */
		D12C5C7B1F66FA30009596E0 /* PBXContainerItemProxy */ = {
			isa = PBXContainerItemProxy;
			containerPortal = D12C5C771F66FA30009596E0 /* ostracelib.xcodeproj */;
			proxyType = 2;
			remoteGlobalIDString = D12C5C5E1F66F97F009596E0;
			remoteInfo = ostracelib;
		};
		D12C5C7D1F66FA34009596E0 /* PBXContainerItemProxy */ = {
			isa = PBXContainerItemProxy;
			containerPortal = D12C5C771F66FA30009596E0 /* ostracelib.xcodeproj */;
			proxyType = 1;
			remoteGlobalIDString = D12C5C5D1F66F97F009596E0;
			remoteInfo = ostracelib;
		};
/* End PBXContainerItemProxy section */

/* Begin PBXCopyFilesBuildPhase section */
		D12C5C821F68BD46009596E0 /* CopyFiles */ = {
			isa = PBXCopyFilesBuildPhase;
			buildActionMask = 2147483647;
			dstPath = "";
			dstSubfolderSpec = 10;
			files = (
				D12C5C831F68BD4C009596E0 /* ostracelib.framework in CopyFiles */,
			);
			runOnlyForDeploymentPostprocessing = 0;
		};
/* End PBXCopyFilesBuildPhase section */

/* Begin PBXFileReference section */
		D12C5C3A1F66F93E009596E0 /* ostracedemo.app */ = {isa = PBXFileReference; explicitFileType = wrapper.application; includeInIndex = 0; path = ostracedemo.app; sourceTree = BUILT_PRODUCTS_DIR; };
		D12C5C3E1F66F93E009596E0 /* main.m */ = {isa = PBXFileReference; lastKnownFileType = sourcecode.c.objc; path = main.m; sourceTree = "<group>"; };
		D12C5C401F66F93E009596E0 /* AppDelegate.h */ = {isa = PBXFileReference; lastKnownFileType = sourcecode.c.h; path = AppDelegate.h; sourceTree = "<group>"; };
		D12C5C411F66F93E009596E0 /* AppDelegate.m */ = {isa = PBXFileReference; lastKnownFileType = sourcecode.c.objc; path = AppDelegate.m; sourceTree = "<group>"; };
		D12C5C431F66F93E009596E0 /* ViewController.h */ = {isa = PBXFileReference; lastKnownFileType = sourcecode.c.h; path = ViewController.h; sourceTree = "<group>"; };
		D12C5C441F66F93E009596E0 /* ViewController.m */ = {isa = PBXFileReference; lastKnownFileType = sourcecode.c.objc; path = ViewController.m; sourceTree = "<group>"; };
		D12C5C471F66F93E009596E0 /* Base */ = {isa = PBXFileReference; lastKnownFileType = file.storyboard; name = Base; path = Base.lproj/Main.storyboard; sourceTree = "<group>"; };
		D12C5C491F66F93E009596E0 /* Assets.xcassets */ = {isa = PBXFileReference; lastKnownFileType = folder.assetcatalog; path = Assets.xcassets; sourceTree = "<group>"; };
		D12C5C4C1F66F93E009596E0 /* Base */ = {isa = PBXFileReference; lastKnownFileType = file.storyboard; name = Base; path = Base.lproj/LaunchScreen.storyboard; sourceTree = "<group>"; };
		D12C5C4E1F66F93E009596E0 /* Info.plist */ = {isa = PBXFileReference; lastKnownFileType = text.plist.xml; path = Info.plist; sourceTree = "<group>"; };
		D12C5C771F66FA30009596E0 /* ostracelib.xcodeproj */ = {isa = PBXFileReference; lastKnownFileType = "wrapper.pb-project"; name = ostracelib.xcodeproj; path = ../ostracelib/ostracelib.xcodeproj; sourceTree = "<group>"; };
/* End PBXFileReference section */

/* Begin PBXFrameworksBuildPhase section */
		D12C5C371F66F93E009596E0 /* Frameworks */ = {
			isa = PBXFrameworksBuildPhase;
			buildActionMask = 2147483647;
			files = (
				D12C5C811F68BD21009596E0 /* ostracelib.framework in Frameworks */,
			);
			runOnlyForDeploymentPostprocessing = 0;
		};
/* End PBXFrameworksBuildPhase section */

/* Begin PBXGroup section */
		D12C5C311F66F93E009596E0 = {
			isa = PBXGroup;
			children = (
				D12C5C771F66FA30009596E0 /* ostracelib.xcodeproj */,
				D12C5C3C1F66F93E009596E0 /* ostracedemo */,
				D12C5C3B1F66F93E009596E0 /* Products */,
			);
			sourceTree = "<group>";
		};
		D12C5C3B1F66F93E009596E0 /* Products */ = {
			isa = PBXGroup;
			children = (
				D12C5C3A1F66F93E009596E0 /* ostracedemo.app */,
			);
			name = Products;
			sourceTree = "<group>";
		};
		D12C5C3C1F66F93E009596E0 /* ostracedemo */ = {
			isa = PBXGroup;
			children = (
				D12C5C401F66F93E009596E0 /* AppDelegate.h */,
				D12C5C411F66F93E009596E0 /* AppDelegate.m */,
				D12C5C431F66F93E009596E0 /* ViewController.h */,
				D12C5C441F66F93E009596E0 /* ViewController.m */,
				D12C5C461F66F93E009596E0 /* Main.storyboard */,
				D12C5C491F66F93E009596E0 /* Assets.xcassets */,
				D12C5C4B1F66F93E009596E0 /* LaunchScreen.storyboard */,
				D12C5C4E1F66F93E009596E0 /* Info.plist */,
				D12C5C3D1F66F93E009596E0 /* Supporting Files */,
			);
			path = ostracedemo;
			sourceTree = "<group>";
		};
		D12C5C3D1F66F93E009596E0 /* Supporting Files */ = {
			isa = PBXGroup;
			children = (
				D12C5C3E1F66F93E009596E0 /* main.m */,
			);
			name = "Supporting Files";
			sourceTree = "<group>";
		};
		D12C5C781F66FA30009596E0 /* Products */ = {
			isa = PBXGroup;
			children = (
				D12C5C7C1F66FA30009596E0 /* ostracelib.framework */,
			);
			name = Products;
			sourceTree = "<group>";
		};
/* End PBXGroup section */

/* Begin PBXNativeTarget section */
		D12C5C391F66F93E009596E0 /* ostracedemo */ = {
			isa = PBXNativeTarget;
			buildConfigurationList = D12C5C511F66F93E009596E0 /* Build configuration list for PBXNativeTarget "ostracedemo" */;
			buildPhases = (
				D12C5C361F66F93E009596E0 /* Sources */,
				D12C5C821F68BD46009596E0 /* CopyFiles */,
				D12C5C371F66F93E009596E0 /* Frameworks */,
				D12C5C381F66F93E009596E0 /* Resources */,
			);
			buildRules = (
			);
			dependencies = (
				D12C5C7E1F66FA34009596E0 /* PBXTargetDependency */,
			);
			name = ostracedemo;
			productName = ostracedemo;
			productReference = D12C5C3A1F66F93E009596E0 /* ostracedemo.app */;
			productType = "com.apple.product-type.application";
		};
/* End PBXNativeTarget section */

/* Begin PBXProject section */
		D12C5C321F66F93E009596E0 /* Project object */ = {
			isa = PBXProject;
			attributes = {
				LastUpgradeCheck = 0830;
				ORGANIZATIONNAME = everettjf;
				TargetAttributes = {
					D12C5C391F66F93E009596E0 = {
						CreatedOnToolsVersion = 8.3;
						DevelopmentTeam = YPV49M8592;
						ProvisioningStyle = Automatic;
					};
				};
			};
			buildConfigurationList = D12C5C351F66F93E009596E0 /* Build configuration list for PBXProject "ostracedemo" */;
			compatibilityVersion = "Xcode 3.2";
			developmentRegion = English;
			hasScannedForEncodings = 0;
			knownRegions = (
				en,
				Base,
			);
			mainGroup = D12C5C311F66F93E009596E0;
			productRefGroup = D12C5C3B1F66F93E009596E0 /* Products */;
			projectDirPath = "";
			projectReferences = (
				{
					ProductGroup = D12C5C781F66FA30009596E0 /* Products */;
					ProjectRef = D12C5C771F66FA30009596E0 /* ostracelib.xcodeproj */;
				},
			);
			projectRoot = "";
			targets = (
				D12C5C391F66F93E009596E0 /* ostracedemo */,
			);
		};
/* End PBXProject section */

/* Begin PBXReferenceProxy section */
		D12C5C7C1F66FA30009596E0 /* ostracelib.framework */ = {
			isa = PBXReferenceProxy;
			fileType = wrapper.framework;
			path = ostracelib.framework;
			remoteRef = D12C5C7B1F66FA30009596E0 /* PBXContainerItemProxy */;
			sourceTree = BUILT_PRODUCTS_DIR;
		};
/* End PBXReferenceProxy section */

/* Begin PBXResourcesBuildPhase section */
		D12C5C381F66F93E009596E0 /* Resources */ = {
			isa = PBXResourcesBuildPhase;
			buildActionMask = 2147483647;
			files = (
				D12C5C4D1F66F93E009596E0 /* LaunchScreen.storyboard in Resources */,
				D12C5C4A1F66F93E009596E0 /* Assets.xcassets in Resources */,
				D12C5C481F66F93E009596E0 /* Main.storyboard in Resources */,
			);
			runOnlyForDeploymentPostprocessing = 0;
		};
/* End PBXResourcesBuildPhase section */

/* Begin PBXSourcesBuildPhase section */
		D12C5C361F66F93E009596E0 /* Sources */ = {
			isa = PBXSourcesBuildPhase;
			buildActionMask = 2147483647;
			files = (
				D12C5C451F66F93E009596E0 /* ViewController.m in Sources */,
				D12C5C421F66F93E009596E0 /* AppDelegate.m in Sources */,
				D12C5C3F1F66F93E009596E0 /* main.m in Sources */,
			);
			runOnlyForDeploymentPostprocessing = 0;
		};
/* End PBXSourcesBuildPhase section */

/* Begin PBXTargetDependency section */
		D12C5C7E1F66FA34009596E0 /* PBXTargetDependency */ = {
			isa = PBXTargetDependency;
			name = ostracelib;
			targetProxy = D12C5C7D1F66FA34009596E0 /* PBXContainerItemProxy */;
		};
/* End PBXTargetDependency section */

/* Begin PBXVariantGroup section */
		D12C5C461F66F93E009596E0 /* Main.storyboard */ = {
			isa = PBXVariantGroup;
			children = (
				D12C5C471F66F93E009596E0 /* Base */,
			);
			name = Main.storyboard;
			sourceTree = "<group>";
		};
		D12C5C4B1F66F93E009596E0 /* LaunchScreen.storyboard */ = {
			isa = PBXVariantGroup;
			children = (
				D12C5C4C1F66F93E009596E0 /* Base */,
			);
			name = LaunchScreen.storyboard;
			sourceTree = "<group>";
		};
/* End PBXVariantGroup section */

/* Begin XCBuildConfiguration section */
		D12C5C4F1F66F93E009596E0 /* Debug */ = {
			isa = XCBuildConfiguration;
			buildSettings = {
				ALWAYS_SEARCH_USER_PATHS = NO;
				CLANG_ANALYZER_NONNULL = YES;
				CLANG_ANALYZER_NUMBER_OBJECT_CONVERSION = YES_AGGRESSIVE;
				CLANG_CXX_LANGUAGE_STANDARD = "gnu++0x";
				CLANG_CXX_LIBRARY = "libc++";
				CLANG_ENABLE_MODULES = YES;
				CLANG_ENABLE_OBJC_ARC = YES;
				CLANG_WARN_BOOL_CONVERSION = YES;
				CLANG_WARN_CONSTANT_CONVERSION = YES;
				CLANG_WARN_DIRECT_OBJC_ISA_USAGE = YES_ERROR;
				CLANG_WARN_DOCUMENTATION_COMMENTS = YES;
				CLANG_WARN_EMPTY_BODY = YES;
				CLANG_WARN_ENUM_CONVERSION = YES;
				CLANG_WARN_INFINITE_RECURSION = YES;
				CLANG_WARN_INT_CONVERSION = YES;
				CLANG_WARN_OBJC_ROOT_CLASS = YES_ERROR;
				CLANG_WARN_SUSPICIOUS_MOVE = YES;
				CLANG_WARN_UNREACHABLE_CODE = YES;
				CLANG_WARN__DUPLICATE_METHOD_MATCH = YES;
				"CODE_SIGN_IDENTITY[sdk=iphoneos*]" = "iPhone Developer";
				COPY_PHASE_STRIP = NO;
				DEBUG_INFORMATION_FORMAT = dwarf;
				ENABLE_STRICT_OBJC_MSGSEND = YES;
				ENABLE_TESTABILITY = YES;
				GCC_C_LANGUAGE_STANDARD = gnu99;
				GCC_DYNAMIC_NO_PIC = NO;
				GCC_NO_COMMON_BLOCKS = YES;
				GCC_OPTIMIZATION_LEVEL = 0;
				GCC_PREPROCESSOR_DEFINITIONS = (
					"DEBUG=1",
					"$(inherited)",
				);
				GCC_WARN_64_TO_32_BIT_CONVERSION = YES;
				GCC_WARN_ABOUT_RETURN_TYPE = YES_ERROR;
				GCC_WARN_UNDECLARED_SELECTOR = YES;
				GCC_WARN_UNINITIALIZED_AUTOS = YES_AGGRESSIVE;
				GCC_WARN_UNUSED_FUNCTION = YES;
				GCC_WARN_UNUSED_VARIABLE = YES;
				IPHONEOS_DEPLOYMENT_TARGET = 10.3;
				MTL_ENABLE_DEBUG_INFO = YES;
				ONLY_ACTIVE_ARCH = YES;
				SDKROOT = iphoneos;
				TARGETED_DEVICE_FAMILY = "1,2";
			};
			name = Debug;
		};
		D12C5C501F66F93E009596E0 /* Release */ = {
			isa = XCBuildConfiguration;
			buildSettings = {
				ALWAYS_SEARCH_USER_PATHS = NO;
				CLANG_ANALYZER_NONNULL = YES;
				CLANG_ANALYZER_NUMBER_OBJECT_CONVERSION = YES_AGGRESSIVE;
				CLANG_CXX_LANGUAGE_STANDARD = "gnu++0x";
				CLANG_CXX_LIBRARY = "libc++";
				CLANG_ENABLE_MODULES = YES;
				CLANG_ENABLE_OBJC_ARC = YES;
				CLANG_WARN_BOOL_CONVERSION = YES;
				CLANG_WARN_CONSTANT_CONVERSION = YES;
				CLANG_WARN_DIRECT_OBJC_ISA_USAGE = YES_ERROR;
				CLANG_WARN_DOCUMENTATION_COMMENTS = YES;
				CLANG_WARN_EMPTY_BODY = YES;
				CLANG_WARN_ENUM_CONVERSION = YES;
				CLANG_WARN_INFINITE_RECURSION = YES;
				CLANG_WARN_INT_CONVERSION = YES;
				CLANG_WARN_OBJC_ROOT_CLASS = YES_ERROR;
				CLANG_WARN_SUSPICIOUS_MOVE = YES;
				CLANG_WARN_UNREACHABLE_CODE = YES;
				CLANG_WARN__DUPLICATE_METHOD_MATCH = YES;
				"CODE_SIGN_IDENTITY[sdk=iphoneos*]" = "iPhone Developer";
				COPY_PHASE_STRIP = NO;
				DEBUG_INFORMATION_FORMAT = "dwarf-with-dsym";
				ENABLE_NS_ASSERTIONS = NO;
				ENABLE_STRICT_OBJC_MSGSEND = YES;
				GCC_C_LANGUAGE_STANDARD = gnu99;
				GCC_NO_COMMON_BLOCKS = YES;
				GCC_WARN_64_TO_32_BIT_CONVERSION = YES;
				GCC_WARN_ABOUT_RETURN_TYPE = YES_ERROR;
				GCC_WARN_UNDECLARED_SELECTOR = YES;
				GCC_WARN_UNINITIALIZED_AUTOS = YES_AGGRESSIVE;
				GCC_WARN_UNUSED_FUNCTION = YES;
				GCC_WARN_UNUSED_VARIABLE = YES;
				IPHONEOS_DEPLOYMENT_TARGET = 10.3;
				MTL_ENABLE_DEBUG_INFO = NO;
				SDKROOT = iphoneos;
				TARGETED_DEVICE_FAMILY = "1,2";
				VALIDATE_PRODUCT = YES;
			};
			name = Release;
		};
		D12C5C521F66F93E009596E0 /* Debug */ = {
			isa = XCBuildConfiguration;
			buildSettings = {
				ASSETCATALOG_COMPILER_APPICON_NAME = AppIcon;
				DEVELOPMENT_TEAM = YPV49M8592;
				INFOPLIST_FILE = ostracedemo/Info.plist;
				LD_RUNPATH_SEARCH_PATHS = "$(inherited) @executable_path/Frameworks";
				PRODUCT_BUNDLE_IDENTIFIER = com.everettjf.ostracedemo;
				PRODUCT_NAME = "$(TARGET_NAME)";
			};
			name = Debug;
		};
		D12C5C531F66F93E009596E0 /* Release */ = {
			isa = XCBuildConfiguration;
			buildSettings = {
				ASSETCATALOG_COMPILER_APPICON_NAME = AppIcon;
				DEVELOPMENT_TEAM = YPV49M8592;
				INFOPLIST_FILE = ostracedemo/Info.plist;
				LD_RUNPATH_SEARCH_PATHS = "$(inherited) @executable_path/Frameworks";
				PRODUCT_BUNDLE_IDENTIFIER = com.everettjf.ostracedemo;
				PRODUCT_NAME = "$(TARGET_NAME)";
			};
			name = Release;
		};
/* End XCBuildConfiguration section */

/* Begin XCConfigurationList section */
		D12C5C351F66F93E009596E0 /* Build configuration list for PBXProject "ostracedemo" */ = {
			isa = XCConfigurationList;
			buildConfigurations = (
				D12C5C4F1F66F93E009596E0 /* Debug */,
				D12C5C501F66F93E009596E0 /* Release */,
			);
			defaultConfigurationIsVisible = 0;
			defaultConfigurationName = Release;
		};
		D12C5C511F66F93E009596E0 /* Build configuration list for PBXNativeTarget "ostracedemo" */ = {
			isa = XCConfigurationList;
			buildConfigurations = (
				D12C5C521F66F93E009596E0 /* Debug */,
				D12C5C531F66F93E009596E0 /* Release */,
			);
			defaultConfigurationIsVisible = 0;
			defaultConfigurationName = Release;
		};
/* End XCConfigurationList section */
	};
	rootObject = D12C5C321F66F93E009596E0 /* Project object */;
}
